Microsoft Visual Studio Solution File, Format Version 12.00
# Visual Studio Version 17
VisualStudioVersion = 17.5.2.0
MinimumVisualStudioVersion = 10.0.40219.1
Project("{FAE04EC0-301F-11D3-BF4B-00C04F79EFBC}") = "DepositAccount", "DepositAccount\DepositAccount.csproj", "{9749E1B7-4EAC-783A-8FAF-852A1068843A}"
EndProject
Global
	GlobalSection(SolutionConfigurationPlatforms) = preSolution
		Debug|Any CPU = Debug|Any CPU
		Release|Any CPU = Release|Any CPU
	EndGlobalSection
	GlobalSection(ProjectConfigurationPlatforms) = postSolution
		{9749E1B7-4EAC-783A-8FAF-852A1068843A}.Debug|Any CPU.ActiveCfg = Debug|Any CPU
		{9749E1B7-4EAC-783A-8FAF-852A1068843A}.Debug|Any CPU.Build.0 = Debug|Any CPU
		{9749E1B7-4EAC-783A-8FAF-852A1068843A}.Release|Any CPU.ActiveCfg = Release|Any CPU
		{9749E1B7-4EAC-783A-8FAF-852A1068843A}.Release|Any CPU.Build.0 = Release|Any CPU
	EndGlobalSection
	GlobalSection(SolutionProperties) = preSolution
		HideSolutionNode = FALSE
	EndGlobalSection
	GlobalSection(ExtensibilityGlobals) = postSolution
		SolutionGuid = {872A64C9-FE2F-45E4-BBAD-702E07826761}
	EndGlobalSection
EndGlobal
